// !$*UTF8*$!
{
	archiveVersion = 1;
	classes = {
	};
	objectVersion = 56;
	objects = {

/* Begin PBXBuildFile section */
		8884DFEF292A1AD400E605A3 /* Task5App.swift in Sources */ = {isa = PBXBuildFile; fileRef = 8884DFEE292A1AD400E605A3 /* Task5App.swift */; };
		8884DFF1292A1AD400E605A3 /* ContentView.swift in Sources */ = {isa = PBXBuildFile; fileRef = 8884DFF0292A1AD400E605A3 /* ContentView.swift */; };
		8884DFF3292A1AD400E605A3 /* Assets.xcassets in Resources */ = {isa = PBXBuildFile; fileRef = 8884DFF2292A1AD400E605A3 /* Assets.xcassets */; };
		8884DFF6292A1AD400E605A3 /* Preview Assets.xcassets in Resources */ = {isa = PBXBuildFile; fileRef = 8884DFF5292A1AD400E605A3 /* Preview Assets.xcassets */; };
		8884DFFD292A1F2C00E605A3 /* Settings.bundle in Resources */ = {isa = PBXBuildFile; fileRef = 8884DFFC292A1F2C00E605A3 /* Settings.bundle */; };
		CD3AAF4F5EAB1F3ED9D93EBE /* Pods_Task5.framework in Frameworks */ = {isa = PBXBuildFile; fileRef = F348D7D4EC44245857D721B8 /* Pods_Task5.framework */; };
/* End PBXBuildFile section */

/* Begin PBXFileReference section */
		8884DFEB292A1AD400E605A3 /* Task5.app */ = {isa = PBXFileReference; explicitFileType = wrapper.application; includeInIndex = 0; path = Task5.app; sourceTree = BUILT_PRODUCTS_DIR; };
		8884DFEE292A1AD400E605A3 /* Task5App.swift */ = {isa = PBXFileReference; lastKnownFileType = sourcecode.swift; path = Task5App.swift; sourceTree = "<group>"; };
		8884DFF0292A1AD400E605A3 /* ContentView.swift */ = {isa = PBXFileReference; lastKnownFileType = sourcecode.swift; path = ContentView.swift; sourceTree = "<group>"; };
		8884DFF2292A1AD400E605A3 /* Assets.xcassets */ = {isa = PBXFileReference; lastKnownFileType = folder.assetcatalog; path = Assets.xcassets; sourceTree = "<group>"; };
		8884DFF5292A1AD400E605A3 /* Preview Assets.xcassets */ = {isa = PBXFileReference; lastKnownFileType = folder.assetcatalog; path = "Preview Assets.xcassets"; sourceTree = "<group>"; };
		8884DFFC292A1F2C00E605A3 /* Settings.bundle */ = {isa = PBXFileReference; lastKnownFileType = "wrapper.plug-in"; path = Settings.bundle; sourceTree = "<group>"; };
		A2ADB5C306DD0A84BE79EE98 /* Pods-Task5.debug.xcconfig */ = {isa = PBXFileReference; includeInIndex = 1; lastKnownFileType = text.xcconfig; name = "Pods-Task5.debug.xcconfig"; path = "Target Support Files/Pods-Task5/Pods-Task5.debug.xcconfig"; sourceTree = "<group>"; };
		E24DA7635A864E5CA5D7F23F /* Pods-Task5.release.xcconfig */ = {isa = PBXFileReference; includeInIndex = 1; lastKnownFileType = text.xcconfig; name = "Pods-Task5.release.xcconfig"; path = "Target Support Files/Pods-Task5/Pods-Task5.release.xcconfig"; sourceTree = "<group>"; };
		F348D7D4EC44245857D721B8 /* Pods_Task5.framework */ = {isa = PBXFileReference; explicitFileType = wrapper.framework; includeInIndex = 0; path = Pods_Task5.framework; sourceTree = BUILT_PRODUCTS_DIR; };
/* End PBXFileReference section */

/* Begin PBXFrameworksBuildPhase section */
		8884DFE8292A1AD400E605A3 /* Frameworks */ = {
			isa = PBXFrameworksBuildPhase;
			buildActionMask = 2147483647;
			files = (
				CD3AAF4F5EAB1F3ED9D93EBE /* Pods_Task5.framework in Frameworks */,
			);
			runOnlyForDeploymentPostprocessing = 0;
		};
/* End PBXFrameworksBuildPhase section */

/* Begin PBXGroup section */
		8884DFE2292A1AD400E605A3 = {
			isa = PBXGroup;
			children = (
				8884DFED292A1AD400E605A3 /* Task5 */,
				8884DFEC292A1AD400E605A3 /* Products */,
				B521BD59E43957F7B4AC7E4E /* Pods */,
				AC015C44FC80CF86E99289AA /* Frameworks */,
			);
			sourceTree = "<group>";
		};
		8884DFEC292A1AD400E605A3 /* Products */ = {
			isa = PBXGroup;
			children = (
				8884DFEB292A1AD400E605A3 /* Task5.app */,
			);
			name = Products;
			sourceTree = "<group>";
		};
		8884DFED292A1AD400E605A3 /* Task5 */ = {
			isa = PBXGroup;
			children = (
				8884DFEE292A1AD400E605A3 /* Task5App.swift */,
				8884DFF0292A1AD400E605A3 /* ContentView.swift */,
				8884DFF2292A1AD400E605A3 /* Assets.xcassets */,
				8884DFF4292A1AD400E605A3 /* Preview Content */,
				8884DFFC292A1F2C00E605A3 /* Settings.bundle */,
			);
			path = Task5;
			sourceTree = "<group>";
		};
		8884DFF4292A1AD400E605A3 /* Preview Content */ = {
			isa = PBXGroup;
			children = (
				8884DFF5292A1AD400E605A3 /* Preview Assets.xcassets */,
			);
			path = "Preview Content";
			sourceTree = "<group>";
		};
		AC015C44FC80CF86E99289AA /* Frameworks */ = {
			isa = PBXGroup;
			children = (
				F348D7D4EC44245857D721B8 /* Pods_Task5.framework */,
			);
			name = Frameworks;
			sourceTree = "<group>";
		};
		B521BD59E43957F7B4AC7E4E /* Pods */ = {
			isa = PBXGroup;
			children = (
				A2ADB5C306DD0A84BE79EE98 /* Pods-Task5.debug.xcconfig */,
				E24DA7635A864E5CA5D7F23F /* Pods-Task5.release.xcconfig */,
			);
			path = Pods;
			sourceTree = "<group>";
		};
/* End PBXGroup section */

/* Begin PBXNativeTarget section */
		8884DFEA292A1AD400E605A3 /* Task5 */ = {
			isa = PBXNativeTarget;
			buildConfigurationList = 8884DFF9292A1AD400E605A3 /* Build configuration list for PBXNativeTarget "Task5" */;
			buildPhases = (
				C1D7311E3AF325C17875B15B /* [CP] Check Pods Manifest.lock */,
				8884DFE7292A1AD400E605A3 /* Sources */,
				8884DFE8292A1AD400E605A3 /* Frameworks */,
				8884DFE9292A1AD400E605A3 /* Resources */,
				8884DFFE292A1F8100E605A3 /* Run Script LicensePlist */,
			);
			buildRules = (
			);
			dependencies = (
			);
			name = Task5;
			productName = Task5;
			productReference = 8884DFEB292A1AD400E605A3 /* Task5.app */;
			productType = "com.apple.product-type.application";
		};
/* End PBXNativeTarget section */

/* Begin PBXProject section */
		8884DFE3292A1AD400E605A3 /* Project object */ = {
			isa = PBXProject;
			attributes = {
				BuildIndependentTargetsInParallel = 1;
				LastSwiftUpdateCheck = 1410;
				LastUpgradeCheck = 1410;
				TargetAttributes = {
					8884DFEA292A1AD400E605A3 = {
						CreatedOnToolsVersion = 14.1;
					};
				};
			};
			buildConfigurationList = 8884DFE6292A1AD400E605A3 /* Build configuration list for PBXProject "Task5" */;
			compatibilityVersion = "Xcode 14.0";
			developmentRegion = en;
			hasScannedForEncodings = 0;
			knownRegions = (
				en,
				Base,
			);
			mainGroup = 8884DFE2292A1AD400E605A3;
			productRefGroup = 8884DFEC292A1AD400E605A3 /* Products */;
			projectDirPath = "";
			projectRoot = "";
			targets = (
				8884DFEA292A1AD400E605A3 /* Task5 */,
			);
		};
/* End PBXProject section */

/* Begin PBXResourcesBuildPhase section */
		8884DFE9292A1AD400E605A3 /* Resources */ = {
			isa = PBXResourcesBuildPhase;
			buildActionMask = 2147483647;
			files = (
				8884DFF6292A1AD400E605A3 /* Preview Assets.xcassets in Resources */,
				8884DFFD292A1F2C00E605A3 /* Settings.bundle in Resources */,
				8884DFF3292A1AD400E605A3 /* Assets.xcassets in Resources */,
			);
			runOnlyForDeploymentPostprocessing = 0;
		};
/* End PBXResourcesBuildPhase section */

/* Begin PBXShellScriptBuildPhase section */
		8884DFFE292A1F8100E605A3 /* Run Script LicensePlist */ = {
			isa = PBXShellScriptBuildPhase;
			alwaysOutOfDate = 1;
			buildActionMask = 2147483647;
			files = (
			);
			inputFileListPaths = (
			);
			inputPaths = (
			);
			name = "Run Script LicensePlist";
			outputFileListPaths = (
			);
			outputPaths = (
			);
			runOnlyForDeploymentPostprocessing = 0;
			shellPath = /bin/sh;
			shellScript = "if [ \"$ENABLE_PREVIEW\" == \"YES\" ]; then\n  echo \"preview mode\"\n  exit 0\nfi\n\n${PODS_ROOT}/LicensePlist/license-plist --output-path \"$TARGET_NAME/Settings.bundle\" --github-token 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\n";
		};
		C1D7311E3AF325C17875B15B /* [CP] Check Pods Manifest.lock */ = {
			isa = PBXShellScriptBuildPhase;
			buildActionMask = 2147483647;
			files = (
			);
			inputFileListPaths = (
			);
			inputPaths = (
				"${PODS_PODFILE_DIR_PATH}/Podfile.lock",
				"${PODS_ROOT}/Manifest.lock",
			);
			name = "[CP] Check Pods Manifest.lock";
			outputFileListPaths = (
			);
			outputPaths = (
				"$(DERIVED_FILE_DIR)/Pods-Task5-checkManifestLockResult.txt",
			);
			runOnlyForDeploymentPostprocessing = 0;
			shellPath = /bin/sh;
			shellScript = "diff \"${PODS_PODFILE_DIR_PATH}/Podfile.lock\" \"${PODS_ROOT}/Manifest.lock\" > /dev/null\nif [ $? != 0 ] ; then\n    # print error to STDERR\n    echo \"error: The sandbox is not in sync with the Podfile.lock. Run 'pod install' or update your CocoaPods installation.\" >&2\n    exit 1\nfi\n# This output is used by Xcode 'outputs' to avoid re-running this script phase.\necho \"SUCCESS\" > \"${SCRIPT_OUTPUT_FILE_0}\"\n";
			showEnvVarsInLog = 0;
		};
/* End PBXShellScriptBuildPhase section */

/* Begin PBXSourcesBuildPhase section */
		8884DFE7292A1AD400E605A3 /* Sources */ = {
			isa = PBXSourcesBuildPhase;
			buildActionMask = 2147483647;
			files = (
				8884DFF1292A1AD400E605A3 /* ContentView.swift in Sources */,
				8884DFEF292A1AD400E605A3 /* Task5App.swift in Sources */,
			);
			runOnlyForDeploymentPostprocessing = 0;
		};
/* End PBXSourcesBuildPhase section */

/* Begin XCBuildConfiguration section */
		8884DFF7292A1AD400E605A3 /* Debug */ = {
			isa = XCBuildConfiguration;
			buildSettings = {
				ALWAYS_SEARCH_USER_PATHS = NO;
				CLANG_ANALYZER_NONNULL = YES;
				CLANG_ANALYZER_NUMBER_OBJECT_CONVERSION = YES_AGGRESSIVE;
				CLANG_CXX_LANGUAGE_STANDARD = "gnu++20";
				CLANG_ENABLE_MODULES = YES;
				CLANG_ENABLE_OBJC_ARC = YES;
				CLANG_ENABLE_OBJC_WEAK = YES;
				CLANG_WARN_BLOCK_CAPTURE_AUTORELEASING = YES;
				CLANG_WARN_BOOL_CONVERSION = YES;
				CLANG_WARN_COMMA = YES;
				CLANG_WARN_CONSTANT_CONVERSION = YES;
				CLANG_WARN_DEPRECATED_OBJC_IMPLEMENTATIONS = YES;
				CLANG_WARN_DIRECT_OBJC_ISA_USAGE = YES_ERROR;
				CLANG_WARN_DOCUMENTATION_COMMENTS = YES;
				CLANG_WARN_EMPTY_BODY = YES;
				CLANG_WARN_ENUM_CONVERSION = YES;
				CLANG_WARN_INFINITE_RECURSION = YES;
				CLANG_WARN_INT_CONVERSION = YES;
				CLANG_WARN_NON_LITERAL_NULL_CONVERSION = YES;
				CLANG_WARN_OBJC_IMPLICIT_RETAIN_SELF = YES;
				CLANG_WARN_OBJC_LITERAL_CONVERSION = YES;
				CLANG_WARN_OBJC_ROOT_CLASS = YES_ERROR;
				CLANG_WARN_QUOTED_INCLUDE_IN_FRAMEWORK_HEADER = YES;
				CLANG_WARN_RANGE_LOOP_ANALYSIS = YES;
				CLANG_WARN_STRICT_PROTOTYPES = YES;
				CLANG_WARN_SUSPICIOUS_MOVE = YES;
				CLANG_WARN_UNGUARDED_AVAILABILITY = YES_AGGRESSIVE;
				CLANG_WARN_UNREACHABLE_CODE = YES;
				CLANG_WARN__DUPLICATE_METHOD_MATCH = YES;
				COPY_PHASE_STRIP = NO;
				DEBUG_INFORMATION_FORMAT = dwarf;
				ENABLE_STRICT_OBJC_MSGSEND = YES;
				ENABLE_TESTABILITY = YES;
				GCC_C_LANGUAGE_STANDARD = gnu11;
				GCC_DYNAMIC_NO_PIC = NO;
				GCC_NO_COMMON_BLOCKS = YES;
				GCC_OPTIMIZATION_LEVEL = 0;
				GCC_PREPROCESSOR_DEFINITIONS = (
					"DEBUG=1",
					"$(inherited)",
				);
				GCC_WARN_64_TO_32_BIT_CONVERSION = YES;
				GCC_WARN_ABOUT_RETURN_TYPE = YES_ERROR;
				GCC_WARN_UNDECLARED_SELECTOR = YES;
				GCC_WARN_UNINITIALIZED_AUTOS = YES_AGGRESSIVE;
				GCC_WARN_UNUSED_FUNCTION = YES;
				GCC_WARN_UNUSED_VARIABLE = YES;
				IPHONEOS_DEPLOYMENT_TARGET = 16.1;
				MTL_ENABLE_DEBUG_INFO = INCLUDE_SOURCE;
				MTL_FAST_MATH = YES;
				ONLY_ACTIVE_ARCH = YES;
				SDKROOT = iphoneos;
				SWIFT_ACTIVE_COMPILATION_CONDITIONS = DEBUG;
				SWIFT_OPTIMIZATION_LEVEL = "-Onone";
			};
			name = Debug;
		};
		8884DFF8292A1AD400E605A3 /* Release */ = {
			isa = XCBuildConfiguration;
			buildSettings = {
				ALWAYS_SEARCH_USER_PATHS = NO;
				CLANG_ANALYZER_NONNULL = YES;
				CLANG_ANALYZER_NUMBER_OBJECT_CONVERSION = YES_AGGRESSIVE;
				CLANG_CXX_LANGUAGE_STANDARD = "gnu++20";
				CLANG_ENABLE_MODULES = YES;
				CLANG_ENABLE_OBJC_ARC = YES;
				CLANG_ENABLE_OBJC_WEAK = YES;
				CLANG_WARN_BLOCK_CAPTURE_AUTORELEASING = YES;
				CLANG_WARN_BOOL_CONVERSION = YES;
				CLANG_WARN_COMMA = YES;
				CLANG_WARN_CONSTANT_CONVERSION = YES;
				CLANG_WARN_DEPRECATED_OBJC_IMPLEMENTATIONS = YES;
				CLANG_WARN_DIRECT_OBJC_ISA_USAGE = YES_ERROR;
				CLANG_WARN_DOCUMENTATION_COMMENTS = YES;
				CLANG_WARN_EMPTY_BODY = YES;
				CLANG_WARN_ENUM_CONVERSION = YES;
				CLANG_WARN_INFINITE_RECURSION = YES;
				CLANG_WARN_INT_CONVERSION = YES;
				CLANG_WARN_NON_LITERAL_NULL_CONVERSION = YES;
				CLANG_WARN_OBJC_IMPLICIT_RETAIN_SELF = YES;
				CLANG_WARN_OBJC_LITERAL_CONVERSION = YES;
				CLANG_WARN_OBJC_ROOT_CLASS = YES_ERROR;
				CLANG_WARN_QUOTED_INCLUDE_IN_FRAMEWORK_HEADER = YES;
				CLANG_WARN_RANGE_LOOP_ANALYSIS = YES;
				CLANG_WARN_STRICT_PROTOTYPES = YES;
				CLANG_WARN_SUSPICIOUS_MOVE = YES;
				CLANG_WARN_UNGUARDED_AVAILABILITY = YES_AGGRESSIVE;
				CLANG_WARN_UNREACHABLE_CODE = YES;
				CLANG_WARN__DUPLICATE_METHOD_MATCH = YES;
				COPY_PHASE_STRIP = NO;
				DEBUG_INFORMATION_FORMAT = "dwarf-with-dsym";
				ENABLE_NS_ASSERTIONS = NO;
				ENABLE_STRICT_OBJC_MSGSEND = YES;
				GCC_C_LANGUAGE_STANDARD = gnu11;
				GCC_NO_COMMON_BLOCKS = YES;
				GCC_WARN_64_TO_32_BIT_CONVERSION = YES;
				GCC_WARN_ABOUT_RETURN_TYPE = YES_ERROR;
				GCC_WARN_UNDECLARED_SELECTOR = YES;
				GCC_WARN_UNINITIALIZED_AUTOS = YES_AGGRESSIVE;
				GCC_WARN_UNUSED_FUNCTION = YES;
				GCC_WARN_UNUSED_VARIABLE = YES;
				IPHONEOS_DEPLOYMENT_TARGET = 16.1;
				MTL_ENABLE_DEBUG_INFO = NO;
				MTL_FAST_MATH = YES;
				SDKROOT = iphoneos;
				SWIFT_COMPILATION_MODE = wholemodule;
				SWIFT_OPTIMIZATION_LEVEL = "-O";
				VALIDATE_PRODUCT = YES;
			};
			name = Release;
		};
		8884DFFA292A1AD400E605A3 /* Debug */ = {
			isa = XCBuildConfiguration;
			baseConfigurationReference = A2ADB5C306DD0A84BE79EE98 /* Pods-Task5.debug.xcconfig */;
			buildSettings = {
				ASSETCATALOG_COMPILER_APPICON_NAME = AppIcon;
				ASSETCATALOG_COMPILER_GLOBAL_ACCENT_COLOR_NAME = AccentColor;
				CODE_SIGN_STYLE = Automatic;
				CURRENT_PROJECT_VERSION = 1;
				DEVELOPMENT_ASSET_PATHS = "\"Task5/Preview Content\"";
				DEVELOPMENT_TEAM = H2XW5KQ42M;
				ENABLE_PREVIEWS = YES;
				GENERATE_INFOPLIST_FILE = YES;
				INFOPLIST_KEY_UIApplicationSceneManifest_Generation = YES;
				INFOPLIST_KEY_UIApplicationSupportsIndirectInputEvents = YES;
				INFOPLIST_KEY_UILaunchScreen_Generation = YES;
				INFOPLIST_KEY_UISupportedInterfaceOrientations_iPad = "UIInterfaceOrientationPortrait UIInterfaceOrientationPortraitUpsideDown UIInterfaceOrientationLandscapeLeft UIInterfaceOrientationLandscapeRight";
				INFOPLIST_KEY_UISupportedInterfaceOrientations_iPhone = "UIInterfaceOrientationPortrait UIInterfaceOrientationLandscapeLeft UIInterfaceOrientationLandscapeRight";
				LD_RUNPATH_SEARCH_PATHS = (
					"$(inherited)",
					"@executable_path/Frameworks",
				);
				MARKETING_VERSION = 1.0;
				PRODUCT_BUNDLE_IDENTIFIER = jp.co.muramoto.Task5;
				PRODUCT_NAME = "$(TARGET_NAME)";
				SWIFT_EMIT_LOC_STRINGS = YES;
				SWIFT_VERSION = 5.0;
				TARGETED_DEVICE_FAMILY = "1,2";
			};
			name = Debug;
		};
		8884DFFB292A1AD400E605A3 /* Release */ = {
			isa = XCBuildConfiguration;
			baseConfigurationReference = E24DA7635A864E5CA5D7F23F /* Pods-Task5.release.xcconfig */;
			buildSettings = {
				ASSETCATALOG_COMPILER_APPICON_NAME = AppIcon;
				ASSETCATALOG_COMPILER_GLOBAL_ACCENT_COLOR_NAME = AccentColor;
				CODE_SIGN_STYLE = Automatic;
				CURRENT_PROJECT_VERSION = 1;
				DEVELOPMENT_ASSET_PATHS = "\"Task5/Preview Content\"";
				DEVELOPMENT_TEAM = H2XW5KQ42M;
				ENABLE_PREVIEWS = YES;
				GENERATE_INFOPLIST_FILE = YES;
				INFOPLIST_KEY_UIApplicationSceneManifest_Generation = YES;
				INFOPLIST_KEY_UIApplicationSupportsIndirectInputEvents = YES;
				INFOPLIST_KEY_UILaunchScreen_Generation = YES;
				INFOPLIST_KEY_UISupportedInterfaceOrientations_iPad = "UIInterfaceOrientationPortrait UIInterfaceOrientationPortraitUpsideDown UIInterfaceOrientationLandscapeLeft UIInterfaceOrientationLandscapeRight";
				INFOPLIST_KEY_UISupportedInterfaceOrientations_iPhone = "UIInterfaceOrientationPortrait UIInterfaceOrientationLandscapeLeft UIInterfaceOrientationLandscapeRight";
				LD_RUNPATH_SEARCH_PATHS = (
					"$(inherited)",
					"@executable_path/Frameworks",
				);
				MARKETING_VERSION = 1.0;
				PRODUCT_BUNDLE_IDENTIFIER = jp.co.muramoto.Task5;
				PRODUCT_NAME = "$(TARGET_NAME)";
				SWIFT_EMIT_LOC_STRINGS = YES;
				SWIFT_VERSION = 5.0;
				TARGETED_DEVICE_FAMILY = "1,2";
			};
			name = Release;
		};
/* End XCBuildConfiguration section */

/* Begin XCConfigurationList section */
		8884DFE6292A1AD400E605A3 /* Build configuration list for PBXProject "Task5" */ = {
			isa = XCConfigurationList;
			buildConfigurations = (
				8884DFF7292A1AD400E605A3 /* Debug */,
				8884DFF8292A1AD400E605A3 /* Release */,
			);
			defaultConfigurationIsVisible = 0;
			defaultConfigurationName = Release;
		};
		8884DFF9292A1AD400E605A3 /* Build configuration list for PBXNativeTarget "Task5" */ = {
			isa = XCConfigurationList;
			buildConfigurations = (
				8884DFFA292A1AD400E605A3 /* Debug */,
				8884DFFB292A1AD400E605A3 /* Release */,
			);
			defaultConfigurationIsVisible = 0;
			defaultConfigurationName = Release;
		};
/* End XCConfigurationList section */
	};
	rootObject = 8884DFE3292A1AD400E605A3 /* Project object */;
}
